
Microsoft Visual Studio Solution File, Format Version 12.00
Project("{FAE04EC0-301F-11D3-BF4B-00C04F79EFBC}") = "InternshipSubmissionBlazor", "InternshipSubmissionBlazor\InternshipSubmissionBlazor.csproj", "{1B97483B-EF6F-40EF-BA55-80D44113D2D9}"
EndProject
Project("{FAE04EC0-301F-11D3-BF4B-00C04F79EFBC}") = "BusinessObjects", "BusinessObjects\BusinessObjects.csproj", "{FC28E133-47BD-4B86-8E26-C0B6A5B6CFAC}"
EndProject
Project("{FAE04EC0-301F-11D3-BF4B-00C04F79EFBC}") = "DataAccessObjects", "DataAccessObjects\DataAccessObjects.csproj", "{76D2F6D3-1A05-425C-A0E1-D5E71EFFA0DC}"
EndProject
Project("{FAE04EC0-301F-11D3-BF4B-00C04F79EFBC}") = "Repositories", "Repositories\Repositories.csproj", "{31B4DC3D-8F08-439B-89D5-7836D4F17EEB}"
EndProject
Project("{FAE04EC0-301F-11D3-BF4B-00C04F79EFBC}") = "Services", "Services\Services.csproj", "{0338D87A-0E15-4265-AE40-8D9DD25CC510}"
EndProject
Global
	GlobalSection(SolutionConfigurationPlatforms) = preSolution
		Debug|Any CPU = Debug|Any CPU
		Release|Any CPU = Release|Any CPU
	EndGlobalSection
	GlobalSection(ProjectConfigurationPlatforms) = postSolution
		{1B97483B-EF6F-40EF-BA55-80D44113D2D9}.Debug|Any CPU.ActiveCfg = Debug|Any CPU
		{1B97483B-EF6F-40EF-BA55-80D44113D2D9}.Debug|Any CPU.Build.0 = Debug|Any CPU
		{1B97483B-EF6F-40EF-BA55-80D44113D2D9}.Release|Any CPU.ActiveCfg = Release|Any CPU
		{1B97483B-EF6F-40EF-BA55-80D44113D2D9}.Release|Any CPU.Build.0 = Release|Any CPU
		{FC28E133-47BD-4B86-8E26-C0B6A5B6CFAC}.Debug|Any CPU.ActiveCfg = Debug|Any CPU
		{FC28E133-47BD-4B86-8E26-C0B6A5B6CFAC}.Debug|Any CPU.Build.0 = Debug|Any CPU
		{FC28E133-47BD-4B86-8E26-C0B6A5B6CFAC}.Release|Any CPU.ActiveCfg = Release|Any CPU
		{FC28E133-47BD-4B86-8E26-C0B6A5B6CFAC}.Release|Any CPU.Build.0 = Release|Any CPU
		{76D2F6D3-1A05-425C-A0E1-D5E71EFFA0DC}.Debug|Any CPU.ActiveCfg = Debug|Any CPU
		{76D2F6D3-1A05-425C-A0E1-D5E71EFFA0DC}.Debug|Any CPU.Build.0 = Debug|Any CPU
		{76D2F6D3-1A05-425C-A0E1-D5E71EFFA0DC}.Release|Any CPU.ActiveCfg = Release|Any CPU
		{76D2F6D3-1A05-425C-A0E1-D5E71EFFA0DC}.Release|Any CPU.Build.0 = Release|Any CPU
		{31B4DC3D-8F08-439B-89D5-7836D4F17EEB}.Debug|Any CPU.ActiveCfg = Debug|Any CPU
		{31B4DC3D-8F08-439B-89D5-7836D4F17EEB}.Debug|Any CPU.Build.0 = Debug|Any CPU
		{31B4DC3D-8F08-439B-89D5-7836D4F17EEB}.Release|Any CPU.ActiveCfg = Release|Any CPU
		{31B4DC3D-8F08-439B-89D5-7836D4F17EEB}.Release|Any CPU.Build.0 = Release|Any CPU
		{0338D87A-0E15-4265-AE40-8D9DD25CC510}.Debug|Any CPU.ActiveCfg = Debug|Any CPU
		{0338D87A-0E15-4265-AE40-8D9DD25CC510}.Debug|Any CPU.Build.0 = Debug|Any CPU
		{0338D87A-0E15-4265-AE40-8D9DD25CC510}.Release|Any CPU.ActiveCfg = Release|Any CPU
		{0338D87A-0E15-4265-AE40-8D9DD25CC510}.Release|Any CPU.Build.0 = Release|Any CPU
	EndGlobalSection
EndGlobal
